// !$*UTF8*$!
{
	archiveVersion = 1;
	classes = {
	};
	objectVersion = 51;
	objects = {

/* Begin PBXBuildFile section */
		853A085F23CEFAF2009B727B /* AppDelegate.swift in Sources */ = {isa = PBXBuildFile; fileRef = 853A085E23CEFAF2009B727B /* AppDelegate.swift */; };
		853A086123CEFAF2009B727B /* SceneDelegate.swift in Sources */ = {isa = PBXBuildFile; fileRef = 853A086023CEFAF2009B727B /* SceneDelegate.swift */; };
		853A086323CEFAF2009B727B /* ViewController.swift in Sources */ = {isa = PBXBuildFile; fileRef = 853A086223CEFAF2009B727B /* ViewController.swift */; };
		853A086623CEFAF2009B727B /* Main.storyboard in Resources */ = {isa = PBXBuildFile; fileRef = 853A086423CEFAF2009B727B /* Main.storyboard */; };
		853A086823CEFAF3009B727B /* Assets.xcassets in Resources */ = {isa = PBXBuildFile; fileRef = 853A086723CEFAF3009B727B /* Assets.xcassets */; };
		853A086B23CEFAF3009B727B /* LaunchScreen.storyboard in Resources */ = {isa = PBXBuildFile; fileRef = 853A086923CEFAF3009B727B /* LaunchScreen.storyboard */; };
		853A087323CEFC5B009B727B /* Session.swift in Sources */ = {isa = PBXBuildFile; fileRef = 853A087223CEFC5B009B727B /* Session.swift */; };
		8595B7C123CF1996003041A4 /* LoginController.swift in Sources */ = {isa = PBXBuildFile; fileRef = 8595B7C023CF1996003041A4 /* LoginController.swift */; };
		8595B7C323CF5A65003041A4 /* VKApi.swift in Sources */ = {isa = PBXBuildFile; fileRef = 8595B7C223CF5A65003041A4 /* VKApi.swift */; };
		FA2AEBD7DA14D826D6073F38 /* Pods_vkKit.framework in Frameworks */ = {isa = PBXBuildFile; fileRef = 12F9E98186B083DA6775505E /* Pods_vkKit.framework */; };
/* End PBXBuildFile section */

/* Begin PBXFileReference section */
		12F9E98186B083DA6775505E /* Pods_vkKit.framework */ = {isa = PBXFileReference; explicitFileType = wrapper.framework; includeInIndex = 0; path = Pods_vkKit.framework; sourceTree = BUILT_PRODUCTS_DIR; };
		25349A9D357E5CD340CD70F8 /* Pods-vkKit.debug.xcconfig */ = {isa = PBXFileReference; includeInIndex = 1; lastKnownFileType = text.xcconfig; name = "Pods-vkKit.debug.xcconfig"; path = "Target Support Files/Pods-vkKit/Pods-vkKit.debug.xcconfig"; sourceTree = "<group>"; };
		5EE7D453C9B89993BB0DE55D /* Pods-vkKit.release.xcconfig */ = {isa = PBXFileReference; includeInIndex = 1; lastKnownFileType = text.xcconfig; name = "Pods-vkKit.release.xcconfig"; path = "Target Support Files/Pods-vkKit/Pods-vkKit.release.xcconfig"; sourceTree = "<group>"; };
		853A085B23CEFAF2009B727B /* vkKit.app */ = {isa = PBXFileReference; explicitFileType = wrapper.application; includeInIndex = 0; path = vkKit.app; sourceTree = BUILT_PRODUCTS_DIR; };
		853A085E23CEFAF2009B727B /* AppDelegate.swift */ = {isa = PBXFileReference; lastKnownFileType = sourcecode.swift; path = AppDelegate.swift; sourceTree = "<group>"; };
		853A086023CEFAF2009B727B /* SceneDelegate.swift */ = {isa = PBXFileReference; lastKnownFileType = sourcecode.swift; path = SceneDelegate.swift; sourceTree = "<group>"; };
		853A086223CEFAF2009B727B /* ViewController.swift */ = {isa = PBXFileReference; lastKnownFileType = sourcecode.swift; path = ViewController.swift; sourceTree = "<group>"; };
		853A086523CEFAF2009B727B /* Base */ = {isa = PBXFileReference; lastKnownFileType = file.storyboard; name = Base; path = Base.lproj/Main.storyboard; sourceTree = "<group>"; };
		853A086723CEFAF3009B727B /* Assets.xcassets */ = {isa = PBXFileReference; lastKnownFileType = folder.assetcatalog; path = Assets.xcassets; sourceTree = "<group>"; };
		853A086A23CEFAF3009B727B /* Base */ = {isa = PBXFileReference; lastKnownFileType = file.storyboard; name = Base; path = Base.lproj/LaunchScreen.storyboard; sourceTree = "<group>"; };
		853A086C23CEFAF3009B727B /* Info.plist */ = {isa = PBXFileReference; lastKnownFileType = text.plist.xml; path = Info.plist; sourceTree = "<group>"; };
		853A087223CEFC5B009B727B /* Session.swift */ = {isa = PBXFileReference; lastKnownFileType = sourcecode.swift; path = Session.swift; sourceTree = "<group>"; };
		8595B7C023CF1996003041A4 /* LoginController.swift */ = {isa = PBXFileReference; lastKnownFileType = sourcecode.swift; name = LoginController.swift; path = /Users/nailsafin/Documents/gbprojects/vkKit/vkKit/vkKit/vkKit/LoginController.swift; sourceTree = "<absolute>"; };
		8595B7C223CF5A65003041A4 /* VKApi.swift */ = {isa = PBXFileReference; lastKnownFileType = sourcecode.swift; path = VKApi.swift; sourceTree = "<group>"; };
/* End PBXFileReference section */

/* Begin PBXFrameworksBuildPhase section */
		853A085823CEFAF2009B727B /* Frameworks */ = {
			isa = PBXFrameworksBuildPhase;
			buildActionMask = 2147483647;
			files = (
				FA2AEBD7DA14D826D6073F38 /* Pods_vkKit.framework in Frameworks */,
			);
			runOnlyForDeploymentPostprocessing = 0;
		};
/* End PBXFrameworksBuildPhase section */

/* Begin PBXGroup section */
		1559C1A9540341F3B865E513 /* Pods */ = {
			isa = PBXGroup;
			children = (
				25349A9D357E5CD340CD70F8 /* Pods-vkKit.debug.xcconfig */,
				5EE7D453C9B89993BB0DE55D /* Pods-vkKit.release.xcconfig */,
			);
			path = Pods;
			sourceTree = "<group>";
		};
		55D694CE93AC30C1B481F9AD /* Frameworks */ = {
			isa = PBXGroup;
			children = (
				12F9E98186B083DA6775505E /* Pods_vkKit.framework */,
			);
			name = Frameworks;
			sourceTree = "<group>";
		};
		853A085223CEFAF2009B727B = {
			isa = PBXGroup;
			children = (
				853A085D23CEFAF2009B727B /* vkKit */,
				853A085C23CEFAF2009B727B /* Products */,
				1559C1A9540341F3B865E513 /* Pods */,
				55D694CE93AC30C1B481F9AD /* Frameworks */,
			);
			sourceTree = "<group>";
		};
		853A085C23CEFAF2009B727B /* Products */ = {
			isa = PBXGroup;
			children = (
				853A085B23CEFAF2009B727B /* vkKit.app */,
			);
			name = Products;
			sourceTree = "<group>";
		};
		853A085D23CEFAF2009B727B /* vkKit */ = {
			isa = PBXGroup;
			children = (
				8595B7C023CF1996003041A4 /* LoginController.swift */,
				853A085E23CEFAF2009B727B /* AppDelegate.swift */,
				853A086023CEFAF2009B727B /* SceneDelegate.swift */,
				853A086223CEFAF2009B727B /* ViewController.swift */,
				853A086423CEFAF2009B727B /* Main.storyboard */,
				853A086723CEFAF3009B727B /* Assets.xcassets */,
				853A086923CEFAF3009B727B /* LaunchScreen.storyboard */,
				853A086C23CEFAF3009B727B /* Info.plist */,
				853A087223CEFC5B009B727B /* Session.swift */,
				8595B7C223CF5A65003041A4 /* VKApi.swift */,
			);
			path = vkKit;
			sourceTree = "<group>";
		};
/* End PBXGroup section */

/* Begin PBXNativeTarget section */
		853A085A23CEFAF2009B727B /* vkKit */ = {
			isa = PBXNativeTarget;
			buildConfigurationList = 853A086F23CEFAF3009B727B /* Build configuration list for PBXNativeTarget "vkKit" */;
			buildPhases = (
				89BDEC65F7CD1B94AF315966 /* [CP] Check Pods Manifest.lock */,
				853A085723CEFAF2009B727B /* Sources */,
				853A085823CEFAF2009B727B /* Frameworks */,
				853A085923CEFAF2009B727B /* Resources */,
				490FBB65BF87328E50182BEE /* [CP] Embed Pods Frameworks */,
			);
			buildRules = (
			);
			dependencies = (
			);
			name = vkKit;
			productName = vkKit;
			productReference = 853A085B23CEFAF2009B727B /* vkKit.app */;
			productType = "com.apple.product-type.application";
		};
/* End PBXNativeTarget section */

/* Begin PBXProject section */
		853A085323CEFAF2009B727B /* Project object */ = {
			isa = PBXProject;
			attributes = {
				LastSwiftUpdateCheck = 1130;
				LastUpgradeCheck = 1130;
				ORGANIZATIONNAME = "Nail Safin";
				TargetAttributes = {
					853A085A23CEFAF2009B727B = {
						CreatedOnToolsVersion = 11.3.1;
					};
				};
			};
			buildConfigurationList = 853A085623CEFAF2009B727B /* Build configuration list for PBXProject "vkKit" */;
			compatibilityVersion = "Xcode 9.3";
			developmentRegion = en;
			hasScannedForEncodings = 0;
			knownRegions = (
				en,
				Base,
			);
			mainGroup = 853A085223CEFAF2009B727B;
			productRefGroup = 853A085C23CEFAF2009B727B /* Products */;
			projectDirPath = "";
			projectRoot = "";
			targets = (
				853A085A23CEFAF2009B727B /* vkKit */,
			);
		};
/* End PBXProject section */

/* Begin PBXResourcesBuildPhase section */
		853A085923CEFAF2009B727B /* Resources */ = {
			isa = PBXResourcesBuildPhase;
			buildActionMask = 2147483647;
			files = (
				853A086B23CEFAF3009B727B /* LaunchScreen.storyboard in Resources */,
				853A086823CEFAF3009B727B /* Assets.xcassets in Resources */,
				853A086623CEFAF2009B727B /* Main.storyboard in Resources */,
			);
			runOnlyForDeploymentPostprocessing = 0;
		};
/* End PBXResourcesBuildPhase section */

/* Begin PBXShellScriptBuildPhase section */
		490FBB65BF87328E50182BEE /* [CP] Embed Pods Frameworks */ = {
			isa = PBXShellScriptBuildPhase;
			buildActionMask = 2147483647;
			files = (
			);
			inputFileListPaths = (
				"${PODS_ROOT}/Target Support Files/Pods-vkKit/Pods-vkKit-frameworks-${CONFIGURATION}-input-files.xcfilelist",
			);
			name = "[CP] Embed Pods Frameworks";
			outputFileListPaths = (
				"${PODS_ROOT}/Target Support Files/Pods-vkKit/Pods-vkKit-frameworks-${CONFIGURATION}-output-files.xcfilelist",
			);
			runOnlyForDeploymentPostprocessing = 0;
			shellPath = /bin/sh;
			shellScript = "\"${PODS_ROOT}/Target Support Files/Pods-vkKit/Pods-vkKit-frameworks.sh\"\n";
			showEnvVarsInLog = 0;
		};
		89BDEC65F7CD1B94AF315966 /* [CP] Check Pods Manifest.lock */ = {
			isa = PBXShellScriptBuildPhase;
			buildActionMask = 2147483647;
			files = (
			);
			inputFileListPaths = (
			);
			inputPaths = (
				"${PODS_PODFILE_DIR_PATH}/Podfile.lock",
				"${PODS_ROOT}/Manifest.lock",
			);
			name = "[CP] Check Pods Manifest.lock";
			outputFileListPaths = (
			);
			outputPaths = (
				"$(DERIVED_FILE_DIR)/Pods-vkKit-checkManifestLockResult.txt",
			);
			runOnlyForDeploymentPostprocessing = 0;
			shellPath = /bin/sh;
			shellScript = "diff \"${PODS_PODFILE_DIR_PATH}/Podfile.lock\" \"${PODS_ROOT}/Manifest.lock\" > /dev/null\nif [ $? != 0 ] ; then\n    # print error to STDERR\n    echo \"error: The sandbox is not in sync with the Podfile.lock. Run 'pod install' or update your CocoaPods installation.\" >&2\n    exit 1\nfi\n# This output is used by Xcode 'outputs' to avoid re-running this script phase.\necho \"SUCCESS\" > \"${SCRIPT_OUTPUT_FILE_0}\"\n";
			showEnvVarsInLog = 0;
		};
/* End PBXShellScriptBuildPhase section */

/* Begin PBXSourcesBuildPhase section */
		853A085723CEFAF2009B727B /* Sources */ = {
			isa = PBXSourcesBuildPhase;
			buildActionMask = 2147483647;
			files = (
				853A087323CEFC5B009B727B /* Session.swift in Sources */,
				853A086323CEFAF2009B727B /* ViewController.swift in Sources */,
				853A085F23CEFAF2009B727B /* AppDelegate.swift in Sources */,
				8595B7C323CF5A65003041A4 /* VKApi.swift in Sources */,
				853A086123CEFAF2009B727B /* SceneDelegate.swift in Sources */,
				8595B7C123CF1996003041A4 /* LoginController.swift in Sources */,
			);
			runOnlyForDeploymentPostprocessing = 0;
		};
/* End PBXSourcesBuildPhase section */

/* Begin PBXVariantGroup section */
		853A086423CEFAF2009B727B /* Main.storyboard */ = {
			isa = PBXVariantGroup;
			children = (
				853A086523CEFAF2009B727B /* Base */,
			);
			name = Main.storyboard;
			sourceTree = "<group>";
		};
		853A086923CEFAF3009B727B /* LaunchScreen.storyboard */ = {
			isa = PBXVariantGroup;
			children = (
				853A086A23CEFAF3009B727B /* Base */,
			);
			name = LaunchScreen.storyboard;
			sourceTree = "<group>";
		};
/* End PBXVariantGroup section */

/* Begin XCBuildConfiguration section */
		853A086D23CEFAF3009B727B /* Debug */ = {
			isa = XCBuildConfiguration;
			buildSettings = {
				ALWAYS_SEARCH_USER_PATHS = NO;
				CLANG_ANALYZER_NONNULL = YES;
				CLANG_ANALYZER_NUMBER_OBJECT_CONVERSION = YES_AGGRESSIVE;
				CLANG_CXX_LANGUAGE_STANDARD = "gnu++14";
				CLANG_CXX_LIBRARY = "libc++";
				CLANG_ENABLE_MODULES = YES;
				CLANG_ENABLE_OBJC_ARC = YES;
				CLANG_ENABLE_OBJC_WEAK = YES;
				CLANG_WARN_BLOCK_CAPTURE_AUTORELEASING = YES;
				CLANG_WARN_BOOL_CONVERSION = YES;
				CLANG_WARN_COMMA = YES;
				CLANG_WARN_CONSTANT_CONVERSION = YES;
				CLANG_WARN_DEPRECATED_OBJC_IMPLEMENTATIONS = YES;
				CLANG_WARN_DIRECT_OBJC_ISA_USAGE = YES_ERROR;
				CLANG_WARN_DOCUMENTATION_COMMENTS = YES;
				CLANG_WARN_EMPTY_BODY = YES;
				CLANG_WARN_ENUM_CONVERSION = YES;
				CLANG_WARN_INFINITE_RECURSION = YES;
				CLANG_WARN_INT_CONVERSION = YES;
				CLANG_WARN_NON_LITERAL_NULL_CONVERSION = YES;
				CLANG_WARN_OBJC_IMPLICIT_RETAIN_SELF = YES;
				CLANG_WARN_OBJC_LITERAL_CONVERSION = YES;
				CLANG_WARN_OBJC_ROOT_CLASS = YES_ERROR;
				CLANG_WARN_RANGE_LOOP_ANALYSIS = YES;
				CLANG_WARN_STRICT_PROTOTYPES = YES;
				CLANG_WARN_SUSPICIOUS_MOVE = YES;
				CLANG_WARN_UNGUARDED_AVAILABILITY = YES_AGGRESSIVE;
				CLANG_WARN_UNREACHABLE_CODE = YES;
				CLANG_WARN__DUPLICATE_METHOD_MATCH = YES;
				COPY_PHASE_STRIP = NO;
				DEBUG_INFORMATION_FORMAT = dwarf;
				ENABLE_STRICT_OBJC_MSGSEND = YES;
				ENABLE_TESTABILITY = YES;
				GCC_C_LANGUAGE_STANDARD = gnu11;
				GCC_DYNAMIC_NO_PIC = NO;
				GCC_NO_COMMON_BLOCKS = YES;
				GCC_OPTIMIZATION_LEVEL = 0;
				GCC_PREPROCESSOR_DEFINITIONS = (
					"DEBUG=1",
					"$(inherited)",
				);
				GCC_WARN_64_TO_32_BIT_CONVERSION = YES;
				GCC_WARN_ABOUT_RETURN_TYPE = YES_ERROR;
				GCC_WARN_UNDECLARED_SELECTOR = YES;
				GCC_WARN_UNINITIALIZED_AUTOS = YES_AGGRESSIVE;
				GCC_WARN_UNUSED_FUNCTION = YES;
				GCC_WARN_UNUSED_VARIABLE = YES;
				IPHONEOS_DEPLOYMENT_TARGET = 13.2;
				MTL_ENABLE_DEBUG_INFO = INCLUDE_SOURCE;
				MTL_FAST_MATH = YES;
				ONLY_ACTIVE_ARCH = YES;
				SDKROOT = iphoneos;
				SWIFT_ACTIVE_COMPILATION_CONDITIONS = DEBUG;
				SWIFT_OPTIMIZATION_LEVEL = "-Onone";
			};
			name = Debug;
		};
		853A086E23CEFAF3009B727B /* Release */ = {
			isa = XCBuildConfiguration;
			buildSettings = {
				ALWAYS_SEARCH_USER_PATHS = NO;
				CLANG_ANALYZER_NONNULL = YES;
				CLANG_ANALYZER_NUMBER_OBJECT_CONVERSION = YES_AGGRESSIVE;
				CLANG_CXX_LANGUAGE_STANDARD = "gnu++14";
				CLANG_CXX_LIBRARY = "libc++";
				CLANG_ENABLE_MODULES = YES;
				CLANG_ENABLE_OBJC_ARC = YES;
				CLANG_ENABLE_OBJC_WEAK = YES;
				CLANG_WARN_BLOCK_CAPTURE_AUTORELEASING = YES;
				CLANG_WARN_BOOL_CONVERSION = YES;
				CLANG_WARN_COMMA = YES;
				CLANG_WARN_CONSTANT_CONVERSION = YES;
				CLANG_WARN_DEPRECATED_OBJC_IMPLEMENTATIONS = YES;
				CLANG_WARN_DIRECT_OBJC_ISA_USAGE = YES_ERROR;
				CLANG_WARN_DOCUMENTATION_COMMENTS = YES;
				CLANG_WARN_EMPTY_BODY = YES;
				CLANG_WARN_ENUM_CONVERSION = YES;
				CLANG_WARN_INFINITE_RECURSION = YES;
				CLANG_WARN_INT_CONVERSION = YES;
				CLANG_WARN_NON_LITERAL_NULL_CONVERSION = YES;
				CLANG_WARN_OBJC_IMPLICIT_RETAIN_SELF = YES;
				CLANG_WARN_OBJC_LITERAL_CONVERSION = YES;
				CLANG_WARN_OBJC_ROOT_CLASS = YES_ERROR;
				CLANG_WARN_RANGE_LOOP_ANALYSIS = YES;
				CLANG_WARN_STRICT_PROTOTYPES = YES;
				CLANG_WARN_SUSPICIOUS_MOVE = YES;
				CLANG_WARN_UNGUARDED_AVAILABILITY = YES_AGGRESSIVE;
				CLANG_WARN_UNREACHABLE_CODE = YES;
				CLANG_WARN__DUPLICATE_METHOD_MATCH = YES;
				COPY_PHASE_STRIP = NO;
				DEBUG_INFORMATION_FORMAT = "dwarf-with-dsym";
				ENABLE_NS_ASSERTIONS = NO;
				ENABLE_STRICT_OBJC_MSGSEND = YES;
				GCC_C_LANGUAGE_STANDARD = gnu11;
				GCC_NO_COMMON_BLOCKS = YES;
				GCC_WARN_64_TO_32_BIT_CONVERSION = YES;
				GCC_WARN_ABOUT_RETURN_TYPE = YES_ERROR;
				GCC_WARN_UNDECLARED_SELECTOR = YES;
				GCC_WARN_UNINITIALIZED_AUTOS = YES_AGGRESSIVE;
				GCC_WARN_UNUSED_FUNCTION = YES;
				GCC_WARN_UNUSED_VARIABLE = YES;
				IPHONEOS_DEPLOYMENT_TARGET = 13.2;
				MTL_ENABLE_DEBUG_INFO = NO;
				MTL_FAST_MATH = YES;
				SDKROOT = iphoneos;
				SWIFT_COMPILATION_MODE = wholemodule;
				SWIFT_OPTIMIZATION_LEVEL = "-O";
				VALIDATE_PRODUCT = YES;
			};
			name = Release;
		};
		853A087023CEFAF3009B727B /* Debug */ = {
			isa = XCBuildConfiguration;
			baseConfigurationReference = 25349A9D357E5CD340CD70F8 /* Pods-vkKit.debug.xcconfig */;
			buildSettings = {
				ASSETCATALOG_COMPILER_APPICON_NAME = AppIcon;
				CODE_SIGN_STYLE = Automatic;
				INFOPLIST_FILE = vkKit/Info.plist;
				LD_RUNPATH_SEARCH_PATHS = (
					"$(inherited)",
					"@executable_path/Frameworks",
				);
				PRODUCT_BUNDLE_IDENTIFIER = nbsafin.vkKit;
				PRODUCT_NAME = "$(TARGET_NAME)";
				SWIFT_VERSION = 5.0;
				TARGETED_DEVICE_FAMILY = "1,2";
			};
			name = Debug;
		};
		853A087123CEFAF3009B727B /* Release */ = {
			isa = XCBuildConfiguration;
			baseConfigurationReference = 5EE7D453C9B89993BB0DE55D /* Pods-vkKit.release.xcconfig */;
			buildSettings = {
				ASSETCATALOG_COMPILER_APPICON_NAME = AppIcon;
				CODE_SIGN_STYLE = Automatic;
				INFOPLIST_FILE = vkKit/Info.plist;
				LD_RUNPATH_SEARCH_PATHS = (
					"$(inherited)",
					"@executable_path/Frameworks",
				);
				PRODUCT_BUNDLE_IDENTIFIER = nbsafin.vkKit;
				PRODUCT_NAME = "$(TARGET_NAME)";
				SWIFT_VERSION = 5.0;
				TARGETED_DEVICE_FAMILY = "1,2";
			};
			name = Release;
		};
/* End XCBuildConfiguration section */

/* Begin XCConfigurationList section */
		853A085623CEFAF2009B727B /* Build configuration list for PBXProject "vkKit" */ = {
			isa = XCConfigurationList;
			buildConfigurations = (
				853A086D23CEFAF3009B727B /* Debug */,
				853A086E23CEFAF3009B727B /* Release */,
			);
			defaultConfigurationIsVisible = 0;
			defaultConfigurationName = Release;
		};
		853A086F23CEFAF3009B727B /* Build configuration list for PBXNativeTarget "vkKit" */ = {
			isa = XCConfigurationList;
			buildConfigurations = (
				853A087023CEFAF3009B727B /* Debug */,
				853A087123CEFAF3009B727B /* Release */,
			);
			defaultConfigurationIsVisible = 0;
			defaultConfigurationName = Release;
		};
/* End XCConfigurationList section */
	};
	rootObject = 853A085323CEFAF2009B727B /* Project object */;
}
