PODS:
  - Alamofire (5.0.0)
  - DotsLoading (1.0.0)
  - INSPhotoGallery (1.2.8)
  - Kingfisher (5.13.1):
    - Kingfisher/Core (= 5.13.1)
  - Kingfisher/Core (5.13.1)
  - PinLayout (1.8.13)
  - PromiseKit (6.13.1):
    - PromiseKit/CorePromise (= 6.13.1)
    - PromiseKit/Foundation (= 6.13.1)
    - PromiseKit/UIKit (= 6.13.1)
  - PromiseKit/CorePromise (6.13.1)
  - PromiseKit/Foundation (6.13.1):
    - PromiseKit/CorePromise
  - PromiseKit/UIKit (6.13.1):
    - PromiseKit/CorePromise
  - Realm (4.3.2):
    - Realm/Headers (= 4.3.2)
  - Realm/Headers (4.3.2)
  - RealmSwift (4.3.2):
    - Realm (= 4.3.2)
  - SwiftyJSON (5.0.0)

DEPENDENCIES:
  - Alamofire
  - DotsLoading
  - INSPhotoGallery
  - Kingfisher
  - PinLayout
  - PromiseKit
  - RealmSwift
  - SwiftyJSON

SPEC REPOS:
  trunk:
    - Alamofire
    - DotsLoading
    - INSPhotoGallery
    - Kingfisher
    - PinLayout
    - PromiseKit
    - Realm
    - RealmSwift
    - SwiftyJSON

SPEC CHECKSUMS:
  Alamofire: 58ff2bfb8daaacaa233d5c36e37b10a5248f59b1
  DotsLoading: 1721e46a85d2424e5febbe705fb9e8b23cfea2db
  INSPhotoGallery: ad317cb9a59c7a5f08550e4155b49622c24dcab3
  Kingfisher: f33a848445e33c543620812158dc5d47f6bf90df
  PinLayout: e41a50260a76508b7a7fcee8955c76639adc69bc
  PromiseKit: 28fda91c973cc377875d8c0ea4f973013c05b6db
  Realm: 5e92902e2875dff4bb0fd02f67bb737c3d5db2bc
  RealmSwift: 9a360fc7bae04fc2e308a34fbd899d5faa2d6b22
  SwiftyJSON: 36413e04c44ee145039d332b4f4e2d3e8d6c4db7

PODFILE CHECKSUM: 84945c89c0d9ffe0de4a9a00ce4d9ca689476b1b

COCOAPODS: 1.8.4
